{
  "name": "example",
  "version": "1.0.0",
  "lockfileVersion": 3,
  "requires": true,
  "packages": {
    "": {
      "name": "example",
      "version": "1.0.0",
      "license": "MIT",
      "dependencies": {
        "is-dark-color-hsp": "^2.0.0"
      }
    },
    "node_modules/is-dark-color-hsp": {
      "version": "2.0.0",
      "resolved": "https://registry.npmjs.org/is-dark-color-hsp/-/is-dark-color-hsp-2.0.0.tgz",
      "integrity": "sha512-bKYTxGM0/46s1oKkL/ctEk9gFIH+f+GYmPrAY5fSKesu8rC4JJj5jPnuukVcczSSUAy0MavTM/YZFJL8O6VHbA==",
      "license": "MIT"
    }
  }
}
